// !$*UTF8*$!
{
	archiveVersion = 1;
	classes = {
	};
	objectVersion = 56;
	objects = {

/* Begin PBXBuildFile section */
		A87A66922C313A24003A1583 /* EmojiLoverApp.swift in Sources */ = {isa = PBXBuildFile; fileRef = A87A66912C313A24003A1583 /* EmojiLoverApp.swift */; };
		A87A66942C313A24003A1583 /* ContentView.swift in Sources */ = {isa = PBXBuildFile; fileRef = A87A66932C313A24003A1583 /* ContentView.swift */; };
		A87A66962C313A24003A1583 /* Assets.xcassets in Resources */ = {isa = PBXBuildFile; fileRef = A87A66952C313A24003A1583 /* Assets.xcassets */; };
		A87A66992C313A24003A1583 /* Preview Assets.xcassets in Resources */ = {isa = PBXBuildFile; fileRef = A87A66982C313A24003A1583 /* Preview Assets.xcassets */; };
		A87A66A32C313A25003A1583 /* EmojiLoverTests.swift in Sources */ = {isa = PBXBuildFile; fileRef = A87A66A22C313A25003A1583 /* EmojiLoverTests.swift */; };
		A87A66AD2C313A25003A1583 /* EmojiLoverUITests.swift in Sources */ = {isa = PBXBuildFile; fileRef = A87A66AC2C313A25003A1583 /* EmojiLoverUITests.swift */; };
		A87A66AF2C313A25003A1583 /* EmojiLoverUITestsLaunchTests.swift in Sources */ = {isa = PBXBuildFile; fileRef = A87A66AE2C313A25003A1583 /* EmojiLoverUITestsLaunchTests.swift */; };
/* End PBXBuildFile section */

/* Begin PBXContainerItemProxy section */
		A87A669F2C313A25003A1583 /* PBXContainerItemProxy */ = {
			isa = PBXContainerItemProxy;
			containerPortal = A87A66862C313A23003A1583 /* Project object */;
			proxyType = 1;
			remoteGlobalIDString = A87A668D2C313A24003A1583;
			remoteInfo = EmojiLover;
		};
		A87A66A92C313A25003A1583 /* PBXContainerItemProxy */ = {
			isa = PBXContainerItemProxy;
			containerPortal = A87A66862C313A23003A1583 /* Project object */;
			proxyType = 1;
			remoteGlobalIDString = A87A668D2C313A24003A1583;
			remoteInfo = EmojiLover;
		};
/* End PBXContainerItemProxy section */

/* Begin PBXFileReference section */
		A87A668E2C313A24003A1583 /* EmojiLover.app */ = {isa = PBXFileReference; explicitFileType = wrapper.application; includeInIndex = 0; path = EmojiLover.app; sourceTree = BUILT_PRODUCTS_DIR; };
		A87A66912C313A24003A1583 /* EmojiLoverApp.swift */ = {isa = PBXFileReference; lastKnownFileType = sourcecode.swift; path = EmojiLoverApp.swift; sourceTree = "<group>"; };
		A87A66932C313A24003A1583 /* ContentView.swift */ = {isa = PBXFileReference; lastKnownFileType = sourcecode.swift; path = ContentView.swift; sourceTree = "<group>"; };
		A87A66952C313A24003A1583 /* Assets.xcassets */ = {isa = PBXFileReference; lastKnownFileType = folder.assetcatalog; path = Assets.xcassets; sourceTree = "<group>"; };
		A87A66982C313A24003A1583 /* Preview Assets.xcassets */ = {isa = PBXFileReference; lastKnownFileType = folder.assetcatalog; path = "Preview Assets.xcassets"; sourceTree = "<group>"; };
		A87A669E2C313A25003A1583 /* EmojiLoverTests.xctest */ = {isa = PBXFileReference; explicitFileType = wrapper.cfbundle; includeInIndex = 0; path = EmojiLoverTests.xctest; sourceTree = BUILT_PRODUCTS_DIR; };
		A87A66A22C313A25003A1583 /* EmojiLoverTests.swift */ = {isa = PBXFileReference; lastKnownFileType = sourcecode.swift; path = EmojiLoverTests.swift; sourceTree = "<group>"; };
		A87A66A82C313A25003A1583 /* EmojiLoverUITests.xctest */ = {isa = PBXFileReference; explicitFileType = wrapper.cfbundle; includeInIndex = 0; path = EmojiLoverUITests.xctest; sourceTree = BUILT_PRODUCTS_DIR; };
		A87A66AC2C313A25003A1583 /* EmojiLoverUITests.swift */ = {isa = PBXFileReference; lastKnownFileType = sourcecode.swift; path = EmojiLoverUITests.swift; sourceTree = "<group>"; };
		A87A66AE2C313A25003A1583 /* EmojiLoverUITestsLaunchTests.swift */ = {isa = PBXFileReference; lastKnownFileType = sourcecode.swift; path = EmojiLoverUITestsLaunchTests.swift; sourceTree = "<group>"; };
/* End PBXFileReference section */

/* Begin PBXFrameworksBuildPhase section */
		A87A668B2C313A24003A1583 /* Frameworks */ = {
			isa = PBXFrameworksBuildPhase;
			buildActionMask = 2147483647;
			files = (
			);
			runOnlyForDeploymentPostprocessing = 0;
		};
		A87A669B2C313A25003A1583 /* Frameworks */ = {
			isa = PBXFrameworksBuildPhase;
			buildActionMask = 2147483647;
			files = (
			);
			runOnlyForDeploymentPostprocessing = 0;
		};
		A87A66A52C313A25003A1583 /* Frameworks */ = {
			isa = PBXFrameworksBuildPhase;
			buildActionMask = 2147483647;
			files = (
			);
			runOnlyForDeploymentPostprocessing = 0;
		};
/* End PBXFrameworksBuildPhase section */

/* Begin PBXGroup section */
		A87A66852C313A23003A1583 = {
			isa = PBXGroup;
			children = (
				A87A66902C313A24003A1583 /* EmojiLover */,
				A87A66A12C313A25003A1583 /* EmojiLoverTests */,
				A87A66AB2C313A25003A1583 /* EmojiLoverUITests */,
				A87A668F2C313A24003A1583 /* Products */,
			);
			sourceTree = "<group>";
		};
		A87A668F2C313A24003A1583 /* Products */ = {
			isa = PBXGroup;
			children = (
				A87A668E2C313A24003A1583 /* EmojiLover.app */,
				A87A669E2C313A25003A1583 /* EmojiLoverTests.xctest */,
				A87A66A82C313A25003A1583 /* EmojiLoverUITests.xctest */,
			);
			name = Products;
			sourceTree = "<group>";
		};
		A87A66902C313A24003A1583 /* EmojiLover */ = {
			isa = PBXGroup;
			children = (
				A87A66912C313A24003A1583 /* EmojiLoverApp.swift */,
				A87A66932C313A24003A1583 /* ContentView.swift */,
				A87A66952C313A24003A1583 /* Assets.xcassets */,
				A87A66972C313A24003A1583 /* Preview Content */,
			);
			path = EmojiLover;
			sourceTree = "<group>";
		};
		A87A66972C313A24003A1583 /* Preview Content */ = {
			isa = PBXGroup;
			children = (
				A87A66982C313A24003A1583 /* Preview Assets.xcassets */,
			);
			path = "Preview Content";
			sourceTree = "<group>";
		};
		A87A66A12C313A25003A1583 /* EmojiLoverTests */ = {
			isa = PBXGroup;
			children = (
				A87A66A22C313A25003A1583 /* EmojiLoverTests.swift */,
			);
			path = EmojiLoverTests;
			sourceTree = "<group>";
		};
		A87A66AB2C313A25003A1583 /* EmojiLoverUITests */ = {
			isa = PBXGroup;
			children = (
				A87A66AC2C313A25003A1583 /* EmojiLoverUITests.swift */,
				A87A66AE2C313A25003A1583 /* EmojiLoverUITestsLaunchTests.swift */,
			);
			path = EmojiLoverUITests;
			sourceTree = "<group>";
		};
/* End PBXGroup section */

/* Begin PBXNativeTarget section */
		A87A668D2C313A24003A1583 /* EmojiLover */ = {
			isa = PBXNativeTarget;
			buildConfigurationList = A87A66B22C313A25003A1583 /* Build configuration list for PBXNativeTarget "EmojiLover" */;
			buildPhases = (
				A87A668A2C313A24003A1583 /* Sources */,
				A87A668B2C313A24003A1583 /* Frameworks */,
				A87A668C2C313A24003A1583 /* Resources */,
			);
			buildRules = (
			);
			dependencies = (
			);
			name = EmojiLover;
			productName = EmojiLover;
			productReference = A87A668E2C313A24003A1583 /* EmojiLover.app */;
			productType = "com.apple.product-type.application";
		};
		A87A669D2C313A25003A1583 /* EmojiLoverTests */ = {
			isa = PBXNativeTarget;
			buildConfigurationList = A87A66B52C313A25003A1583 /* Build configuration list for PBXNativeTarget "EmojiLoverTests" */;
			buildPhases = (
				A87A669A2C313A25003A1583 /* Sources */,
				A87A669B2C313A25003A1583 /* Frameworks */,
				A87A669C2C313A25003A1583 /* Resources */,
			);
			buildRules = (
			);
			dependencies = (
				A87A66A02C313A25003A1583 /* PBXTargetDependency */,
			);
			name = EmojiLoverTests;
			productName = EmojiLoverTests;
			productReference = A87A669E2C313A25003A1583 /* EmojiLoverTests.xctest */;
			productType = "com.apple.product-type.bundle.unit-test";
		};
		A87A66A72C313A25003A1583 /* EmojiLoverUITests */ = {
			isa = PBXNativeTarget;
			buildConfigurationList = A87A66B82C313A25003A1583 /* Build configuration list for PBXNativeTarget "EmojiLoverUITests" */;
			buildPhases = (
				A87A66A42C313A25003A1583 /* Sources */,
				A87A66A52C313A25003A1583 /* Frameworks */,
				A87A66A62C313A25003A1583 /* Resources */,
			);
			buildRules = (
			);
			dependencies = (
				A87A66AA2C313A25003A1583 /* PBXTargetDependency */,
			);
			name = EmojiLoverUITests;
			productName = EmojiLoverUITests;
			productReference = A87A66A82C313A25003A1583 /* EmojiLoverUITests.xctest */;
			productType = "com.apple.product-type.bundle.ui-testing";
		};
/* End PBXNativeTarget section */

/* Begin PBXProject section */
		A87A66862C313A23003A1583 /* Project object */ = {
			isa = PBXProject;
			attributes = {
				BuildIndependentTargetsInParallel = 1;
				LastSwiftUpdateCheck = 1540;
				LastUpgradeCheck = 1540;
				TargetAttributes = {
					A87A668D2C313A24003A1583 = {
						CreatedOnToolsVersion = 15.4;
					};
					A87A669D2C313A25003A1583 = {
						CreatedOnToolsVersion = 15.4;
						TestTargetID = A87A668D2C313A24003A1583;
					};
					A87A66A72C313A25003A1583 = {
						CreatedOnToolsVersion = 15.4;
						TestTargetID = A87A668D2C313A24003A1583;
					};
				};
			};
			buildConfigurationList = A87A66892C313A23003A1583 /* Build configuration list for PBXProject "EmojiLover" */;
			compatibilityVersion = "Xcode 14.0";
			developmentRegion = en;
			hasScannedForEncodings = 0;
			knownRegions = (
				en,
				Base,
			);
			mainGroup = A87A66852C313A23003A1583;
			productRefGroup = A87A668F2C313A24003A1583 /* Products */;
			projectDirPath = "";
			projectRoot = "";
			targets = (
				A87A668D2C313A24003A1583 /* EmojiLover */,
				A87A669D2C313A25003A1583 /* EmojiLoverTests */,
				A87A66A72C313A25003A1583 /* EmojiLoverUITests */,
			);
		};
/* End PBXProject section */

/* Begin PBXResourcesBuildPhase section */
		A87A668C2C313A24003A1583 /* Resources */ = {
			isa = PBXResourcesBuildPhase;
			buildActionMask = 2147483647;
			files = (
				A87A66992C313A24003A1583 /* Preview Assets.xcassets in Resources */,
				A87A66962C313A24003A1583 /* Assets.xcassets in Resources */,
			);
			runOnlyForDeploymentPostprocessing = 0;
		};
		A87A669C2C313A25003A1583 /* Resources */ = {
			isa = PBXResourcesBuildPhase;
			buildActionMask = 2147483647;
			files = (
			);
			runOnlyForDeploymentPostprocessing = 0;
		};
		A87A66A62C313A25003A1583 /* Resources */ = {
			isa = PBXResourcesBuildPhase;
			buildActionMask = 2147483647;
			files = (
			);
			runOnlyForDeploymentPostprocessing = 0;
		};
/* End PBXResourcesBuildPhase section */

/* Begin PBXSourcesBuildPhase section */
		A87A668A2C313A24003A1583 /* Sources */ = {
			isa = PBXSourcesBuildPhase;
			buildActionMask = 2147483647;
			files = (
				A87A66942C313A24003A1583 /* ContentView.swift in Sources */,
				A87A66922C313A24003A1583 /* EmojiLoverApp.swift in Sources */,
			);
			runOnlyForDeploymentPostprocessing = 0;
		};
		A87A669A2C313A25003A1583 /* Sources */ = {
			isa = PBXSourcesBuildPhase;
			buildActionMask = 2147483647;
			files = (
				A87A66A32C313A25003A1583 /* EmojiLoverTests.swift in Sources */,
			);
			runOnlyForDeploymentPostprocessing = 0;
		};
		A87A66A42C313A25003A1583 /* Sources */ = {
			isa = PBXSourcesBuildPhase;
			buildActionMask = 2147483647;
			files = (
				A87A66AF2C313A25003A1583 /* EmojiLoverUITestsLaunchTests.swift in Sources */,
				A87A66AD2C313A25003A1583 /* EmojiLoverUITests.swift in Sources */,
			);
			runOnlyForDeploymentPostprocessing = 0;
		};
/* End PBXSourcesBuildPhase section */

/* Begin PBXTargetDependency section */
		A87A66A02C313A25003A1583 /* PBXTargetDependency */ = {
			isa = PBXTargetDependency;
			target = A87A668D2C313A24003A1583 /* EmojiLover */;
			targetProxy = A87A669F2C313A25003A1583 /* PBXContainerItemProxy */;
		};
		A87A66AA2C313A25003A1583 /* PBXTargetDependency */ = {
			isa = PBXTargetDependency;
			target = A87A668D2C313A24003A1583 /* EmojiLover */;
			targetProxy = A87A66A92C313A25003A1583 /* PBXContainerItemProxy */;
		};
/* End PBXTargetDependency section */

/* Begin XCBuildConfiguration section */
		A87A66B02C313A25003A1583 /* Debug */ = {
			isa = XCBuildConfiguration;
			buildSettings = {
				ALWAYS_SEARCH_USER_PATHS = NO;
				ASSETCATALOG_COMPILER_GENERATE_SWIFT_ASSET_SYMBOL_EXTENSIONS = YES;
				CLANG_ANALYZER_NONNULL = YES;
				CLANG_ANALYZER_NUMBER_OBJECT_CONVERSION = YES_AGGRESSIVE;
				CLANG_CXX_LANGUAGE_STANDARD = "gnu++20";
				CLANG_ENABLE_MODULES = YES;
				CLANG_ENABLE_OBJC_ARC = YES;
				CLANG_ENABLE_OBJC_WEAK = YES;
				CLANG_WARN_BLOCK_CAPTURE_AUTORELEASING = YES;
				CLANG_WARN_BOOL_CONVERSION = YES;
				CLANG_WARN_COMMA = YES;
				CLANG_WARN_CONSTANT_CONVERSION = YES;
				CLANG_WARN_DEPRECATED_OBJC_IMPLEMENTATIONS = YES;
				CLANG_WARN_DIRECT_OBJC_ISA_USAGE = YES_ERROR;
				CLANG_WARN_DOCUMENTATION_COMMENTS = YES;
				CLANG_WARN_EMPTY_BODY = YES;
				CLANG_WARN_ENUM_CONVERSION = YES;
				CLANG_WARN_INFINITE_RECURSION = YES;
				CLANG_WARN_INT_CONVERSION = YES;
				CLANG_WARN_NON_LITERAL_NULL_CONVERSION = YES;
				CLANG_WARN_OBJC_IMPLICIT_RETAIN_SELF = YES;
				CLANG_WARN_OBJC_LITERAL_CONVERSION = YES;
				CLANG_WARN_OBJC_ROOT_CLASS = YES_ERROR;
				CLANG_WARN_QUOTED_INCLUDE_IN_FRAMEWORK_HEADER = YES;
				CLANG_WARN_RANGE_LOOP_ANALYSIS = YES;
				CLANG_WARN_STRICT_PROTOTYPES = YES;
				CLANG_WARN_SUSPICIOUS_MOVE = YES;
				CLANG_WARN_UNGUARDED_AVAILABILITY = YES_AGGRESSIVE;
				CLANG_WARN_UNREACHABLE_CODE = YES;
				CLANG_WARN__DUPLICATE_METHOD_MATCH = YES;
				COPY_PHASE_STRIP = NO;
				DEBUG_INFORMATION_FORMAT = dwarf;
				ENABLE_STRICT_OBJC_MSGSEND = YES;
				ENABLE_TESTABILITY = YES;
				ENABLE_USER_SCRIPT_SANDBOXING = YES;
				GCC_C_LANGUAGE_STANDARD = gnu17;
				GCC_DYNAMIC_NO_PIC = NO;
				GCC_NO_COMMON_BLOCKS = YES;
				GCC_OPTIMIZATION_LEVEL = 0;
				GCC_PREPROCESSOR_DEFINITIONS = (
					"DEBUG=1",
					"$(inherited)",
				);
				GCC_WARN_64_TO_32_BIT_CONVERSION = YES;
				GCC_WARN_ABOUT_RETURN_TYPE = YES_ERROR;
				GCC_WARN_UNDECLARED_SELECTOR = YES;
				GCC_WARN_UNINITIALIZED_AUTOS = YES_AGGRESSIVE;
				GCC_WARN_UNUSED_FUNCTION = YES;
				GCC_WARN_UNUSED_VARIABLE = YES;
				IPHONEOS_DEPLOYMENT_TARGET = 17.5;
				LOCALIZATION_PREFERS_STRING_CATALOGS = YES;
				MTL_ENABLE_DEBUG_INFO = INCLUDE_SOURCE;
				MTL_FAST_MATH = YES;
				ONLY_ACTIVE_ARCH = YES;
				SDKROOT = iphoneos;
				SWIFT_ACTIVE_COMPILATION_CONDITIONS = "DEBUG $(inherited)";
				SWIFT_OPTIMIZATION_LEVEL = "-Onone";
			};
			name = Debug;
		};
		A87A66B12C313A25003A1583 /* Release */ = {
			isa = XCBuildConfiguration;
			buildSettings = {
				ALWAYS_SEARCH_USER_PATHS = NO;
				ASSETCATALOG_COMPILER_GENERATE_SWIFT_ASSET_SYMBOL_EXTENSIONS = YES;
				CLANG_ANALYZER_NONNULL = YES;
				CLANG_ANALYZER_NUMBER_OBJECT_CONVERSION = YES_AGGRESSIVE;
				CLANG_CXX_LANGUAGE_STANDARD = "gnu++20";
				CLANG_ENABLE_MODULES = YES;
				CLANG_ENABLE_OBJC_ARC = YES;
				CLANG_ENABLE_OBJC_WEAK = YES;
				CLANG_WARN_BLOCK_CAPTURE_AUTORELEASING = YES;
				CLANG_WARN_BOOL_CONVERSION = YES;
				CLANG_WARN_COMMA = YES;
				CLANG_WARN_CONSTANT_CONVERSION = YES;
				CLANG_WARN_DEPRECATED_OBJC_IMPLEMENTATIONS = YES;
				CLANG_WARN_DIRECT_OBJC_ISA_USAGE = YES_ERROR;
				CLANG_WARN_DOCUMENTATION_COMMENTS = YES;
				CLANG_WARN_EMPTY_BODY = YES;
				CLANG_WARN_ENUM_CONVERSION = YES;
				CLANG_WARN_INFINITE_RECURSION = YES;
				CLANG_WARN_INT_CONVERSION = YES;
				CLANG_WARN_NON_LITERAL_NULL_CONVERSION = YES;
				CLANG_WARN_OBJC_IMPLICIT_RETAIN_SELF = YES;
				CLANG_WARN_OBJC_LITERAL_CONVERSION = YES;
				CLANG_WARN_OBJC_ROOT_CLASS = YES_ERROR;
				CLANG_WARN_QUOTED_INCLUDE_IN_FRAMEWORK_HEADER = YES;
				CLANG_WARN_RANGE_LOOP_ANALYSIS = YES;
				CLANG_WARN_STRICT_PROTOTYPES = YES;
				CLANG_WARN_SUSPICIOUS_MOVE = YES;
				CLANG_WARN_UNGUARDED_AVAILABILITY = YES_AGGRESSIVE;
				CLANG_WARN_UNREACHABLE_CODE = YES;
				CLANG_WARN__DUPLICATE_METHOD_MATCH = YES;
				COPY_PHASE_STRIP = NO;
				DEBUG_INFORMATION_FORMAT = "dwarf-with-dsym";
				ENABLE_NS_ASSERTIONS = NO;
				ENABLE_STRICT_OBJC_MSGSEND = YES;
				ENABLE_USER_SCRIPT_SANDBOXING = YES;
				GCC_C_LANGUAGE_STANDARD = gnu17;
				GCC_NO_COMMON_BLOCKS = YES;
				GCC_WARN_64_TO_32_BIT_CONVERSION = YES;
				GCC_WARN_ABOUT_RETURN_TYPE = YES_ERROR;
				GCC_WARN_UNDECLARED_SELECTOR = YES;
				GCC_WARN_UNINITIALIZED_AUTOS = YES_AGGRESSIVE;
				GCC_WARN_UNUSED_FUNCTION = YES;
				GCC_WARN_UNUSED_VARIABLE = YES;
				IPHONEOS_DEPLOYMENT_TARGET = 17.5;
				LOCALIZATION_PREFERS_STRING_CATALOGS = YES;
				MTL_ENABLE_DEBUG_INFO = NO;
				MTL_FAST_MATH = YES;
				SDKROOT = iphoneos;
				SWIFT_COMPILATION_MODE = wholemodule;
				VALIDATE_PRODUCT = YES;
			};
			name = Release;
		};
		A87A66B32C313A25003A1583 /* Debug */ = {
			isa = XCBuildConfiguration;
			buildSettings = {
				ASSETCATALOG_COMPILER_APPICON_NAME = AppIcon;
				ASSETCATALOG_COMPILER_GLOBAL_ACCENT_COLOR_NAME = AccentColor;
				CODE_SIGN_STYLE = Automatic;
				CURRENT_PROJECT_VERSION = 1;
				DEVELOPMENT_ASSET_PATHS = "\"EmojiLover/Preview Content\"";
				ENABLE_PREVIEWS = YES;
				GENERATE_INFOPLIST_FILE = YES;
				INFOPLIST_KEY_UIApplicationSceneManifest_Generation = YES;
				INFOPLIST_KEY_UIApplicationSupportsIndirectInputEvents = YES;
				INFOPLIST_KEY_UILaunchScreen_Generation = YES;
				INFOPLIST_KEY_UISupportedInterfaceOrientations_iPad = "UIInterfaceOrientationPortrait UIInterfaceOrientationPortraitUpsideDown UIInterfaceOrientationLandscapeLeft UIInterfaceOrientationLandscapeRight";
				INFOPLIST_KEY_UISupportedInterfaceOrientations_iPhone = "UIInterfaceOrientationPortrait UIInterfaceOrientationLandscapeLeft UIInterfaceOrientationLandscapeRight";
				LD_RUNPATH_SEARCH_PATHS = (
					"$(inherited)",
					"@executable_path/Frameworks",
				);
				MARKETING_VERSION = 1.0;
				PRODUCT_BUNDLE_IDENTIFIER = MalithaSupun.EmojiLover;
				PRODUCT_NAME = "$(TARGET_NAME)";
				SWIFT_EMIT_LOC_STRINGS = YES;
				SWIFT_VERSION = 5.0;
				TARGETED_DEVICE_FAMILY = "1,2";
			};
			name = Debug;
		};
		A87A66B42C313A25003A1583 /* Release */ = {
			isa = XCBuildConfiguration;
			buildSettings = {
				ASSETCATALOG_COMPILER_APPICON_NAME = AppIcon;
				ASSETCATALOG_COMPILER_GLOBAL_ACCENT_COLOR_NAME = AccentColor;
				CODE_SIGN_STYLE = Automatic;
				CURRENT_PROJECT_VERSION = 1;
				DEVELOPMENT_ASSET_PATHS = "\"EmojiLover/Preview Content\"";
				ENABLE_PREVIEWS = YES;
				GENERATE_INFOPLIST_FILE = YES;
				INFOPLIST_KEY_UIApplicationSceneManifest_Generation = YES;
				INFOPLIST_KEY_UIApplicationSupportsIndirectInputEvents = YES;
				INFOPLIST_KEY_UILaunchScreen_Generation = YES;
				INFOPLIST_KEY_UISupportedInterfaceOrientations_iPad = "UIInterfaceOrientationPortrait UIInterfaceOrientationPortraitUpsideDown UIInterfaceOrientationLandscapeLeft UIInterfaceOrientationLandscapeRight";
				INFOPLIST_KEY_UISupportedInterfaceOrientations_iPhone = "UIInterfaceOrientationPortrait UIInterfaceOrientationLandscapeLeft UIInterfaceOrientationLandscapeRight";
				LD_RUNPATH_SEARCH_PATHS = (
					"$(inherited)",
					"@executable_path/Frameworks",
				);
				MARKETING_VERSION = 1.0;
				PRODUCT_BUNDLE_IDENTIFIER = MalithaSupun.EmojiLover;
				PRODUCT_NAME = "$(TARGET_NAME)";
				SWIFT_EMIT_LOC_STRINGS = YES;
				SWIFT_VERSION = 5.0;
				TARGETED_DEVICE_FAMILY = "1,2";
			};
			name = Release;
		};
		A87A66B62C313A25003A1583 /* Debug */ = {
			isa = XCBuildConfiguration;
			buildSettings = {
				ALWAYS_EMBED_SWIFT_STANDARD_LIBRARIES = YES;
				BUNDLE_LOADER = "$(TEST_HOST)";
				CODE_SIGN_STYLE = Automatic;
				CURRENT_PROJECT_VERSION = 1;
				GENERATE_INFOPLIST_FILE = YES;
				IPHONEOS_DEPLOYMENT_TARGET = 17.5;
				MARKETING_VERSION = 1.0;
				PRODUCT_BUNDLE_IDENTIFIER = MalithaSupun.EmojiLoverTests;
				PRODUCT_NAME = "$(TARGET_NAME)";
				SWIFT_EMIT_LOC_STRINGS = NO;
				SWIFT_VERSION = 5.0;
				TARGETED_DEVICE_FAMILY = "1,2";
				TEST_HOST = "$(BUILT_PRODUCTS_DIR)/EmojiLover.app/$(BUNDLE_EXECUTABLE_FOLDER_PATH)/EmojiLover";
			};
			name = Debug;
		};
		A87A66B72C313A25003A1583 /* Release */ = {
			isa = XCBuildConfiguration;
			buildSettings = {
				ALWAYS_EMBED_SWIFT_STANDARD_LIBRARIES = YES;
				BUNDLE_LOADER = "$(TEST_HOST)";
				CODE_SIGN_STYLE = Automatic;
				CURRENT_PROJECT_VERSION = 1;
				GENERATE_INFOPLIST_FILE = YES;
				IPHONEOS_DEPLOYMENT_TARGET = 17.5;
				MARKETING_VERSION = 1.0;
				PRODUCT_BUNDLE_IDENTIFIER = MalithaSupun.EmojiLoverTests;
				PRODUCT_NAME = "$(TARGET_NAME)";
				SWIFT_EMIT_LOC_STRINGS = NO;
				SWIFT_VERSION = 5.0;
				TARGETED_DEVICE_FAMILY = "1,2";
				TEST_HOST = "$(BUILT_PRODUCTS_DIR)/EmojiLover.app/$(BUNDLE_EXECUTABLE_FOLDER_PATH)/EmojiLover";
			};
			name = Release;
		};
		A87A66B92C313A25003A1583 /* Debug */ = {
			isa = XCBuildConfiguration;
			buildSettings = {
				ALWAYS_EMBED_SWIFT_STANDARD_LIBRARIES = YES;
				CODE_SIGN_STYLE = Automatic;
				CURRENT_PROJECT_VERSION = 1;
				GENERATE_INFOPLIST_FILE = YES;
				MARKETING_VERSION = 1.0;
				PRODUCT_BUNDLE_IDENTIFIER = MalithaSupun.EmojiLoverUITests;
				PRODUCT_NAME = "$(TARGET_NAME)";
				SWIFT_EMIT_LOC_STRINGS = NO;
				SWIFT_VERSION = 5.0;
				TARGETED_DEVICE_FAMILY = "1,2";
				TEST_TARGET_NAME = EmojiLover;
			};
			name = Debug;
		};
		A87A66BA2C313A25003A1583 /* Release */ = {
			isa = XCBuildConfiguration;
			buildSettings = {
				ALWAYS_EMBED_SWIFT_STANDARD_LIBRARIES = YES;
				CODE_SIGN_STYLE = Automatic;
				CURRENT_PROJECT_VERSION = 1;
				GENERATE_INFOPLIST_FILE = YES;
				MARKETING_VERSION = 1.0;
				PRODUCT_BUNDLE_IDENTIFIER = MalithaSupun.EmojiLoverUITests;
				PRODUCT_NAME = "$(TARGET_NAME)";
				SWIFT_EMIT_LOC_STRINGS = NO;
				SWIFT_VERSION = 5.0;
				TARGETED_DEVICE_FAMILY = "1,2";
				TEST_TARGET_NAME = EmojiLover;
			};
			name = Release;
		};
/* End XCBuildConfiguration section */

/* Begin XCConfigurationList section */
		A87A66892C313A23003A1583 /* Build configuration list for PBXProject "EmojiLover" */ = {
			isa = XCConfigurationList;
			buildConfigurations = (
				A87A66B02C313A25003A1583 /* Debug */,
				A87A66B12C313A25003A1583 /* Release */,
			);
			defaultConfigurationIsVisible = 0;
			defaultConfigurationName = Release;
		};
		A87A66B22C313A25003A1583 /* Build configuration list for PBXNativeTarget "EmojiLover" */ = {
			isa = XCConfigurationList;
			buildConfigurations = (
				A87A66B32C313A25003A1583 /* Debug */,
				A87A66B42C313A25003A1583 /* Release */,
			);
			defaultConfigurationIsVisible = 0;
			defaultConfigurationName = Release;
		};
		A87A66B52C313A25003A1583 /* Build configuration list for PBXNativeTarget "EmojiLoverTests" */ = {
			isa = XCConfigurationList;
			buildConfigurations = (
				A87A66B62C313A25003A1583 /* Debug */,
				A87A66B72C313A25003A1583 /* Release */,
			);
			defaultConfigurationIsVisible = 0;
			defaultConfigurationName = Release;
		};
		A87A66B82C313A25003A1583 /* Build configuration list for PBXNativeTarget "EmojiLoverUITests" */ = {
			isa = XCConfigurationList;
			buildConfigurations = (
				A87A66B92C313A25003A1583 /* Debug */,
				A87A66BA2C313A25003A1583 /* Release */,
			);
			defaultConfigurationIsVisible = 0;
			defaultConfigurationName = Release;
		};
/* End XCConfigurationList section */
	};
	rootObject = A87A66862C313A23003A1583 /* Project object */;
}
